
Microsoft Visual Studio Solution File, Format Version 12.00
# Visual Studio 15
VisualStudioVersion = 15.0.28010.2046
MinimumVisualStudioVersion = 10.0.40219.1
Project("{FAE04EC0-301F-11D3-BF4B-00C04F79EFBC}") = "ProjectEducation", "ProjectEducation\ProjectEducation.csproj", "{4FE3785D-20D8-48C3-A897-2EE7EFA3662E}"
EndProject
Global
	GlobalSection(SolutionConfigurationPlatforms) = preSolution
		Debug|Any CPU = Debug|Any CPU
		Release|Any CPU = Release|Any CPU
	EndGlobalSection
	GlobalSection(ProjectConfigurationPlatforms) = postSolution
		{4FE3785D-20D8-48C3-A897-2EE7EFA3662E}.Debug|Any CPU.ActiveCfg = Debug|Any CPU
		{4FE3785D-20D8-48C3-A897-2EE7EFA3662E}.Debug|Any CPU.Build.0 = Debug|Any CPU
		{4FE3785D-20D8-48C3-A897-2EE7EFA3662E}.Release|Any CPU.ActiveCfg = Release|Any CPU
		{4FE3785D-20D8-48C3-A897-2EE7EFA3662E}.Release|Any CPU.Build.0 = Release|Any CPU
	EndGlobalSection
	GlobalSection(SolutionProperties) = preSolution
		HideSolutionNode = FALSE
	EndGlobalSection
	GlobalSection(ExtensibilityGlobals) = postSolution
		SolutionGuid = {E78454C9-141C-474E-907F-68195B5D2660}
	EndGlobalSection
EndGlobal
